
Microsoft Visual Studio Solution File, Format Version 12.00
# Visual Studio Version 17
VisualStudioVersion = 17.1.32328.378
MinimumVisualStudioVersion = 10.0.40219.1
Project("{FAE04EC0-301F-11D3-BF4B-00C04F79EFBC}") = "Notes_Interface(s)", "Notes_Interface(s).csproj", "{60FFE347-29AF-4DEB-A6E0-7B75CBF4D949}"
EndProject
Global
	GlobalSection(SolutionConfigurationPlatforms) = preSolution
		Debug|Any CPU = Debug|Any CPU
		Release|Any CPU = Release|Any CPU
	EndGlobalSection
	GlobalSection(ProjectConfigurationPlatforms) = postSolution
		{60FFE347-29AF-4DEB-A6E0-7B75CBF4D949}.Debug|Any CPU.ActiveCfg = Debug|Any CPU
		{60FFE347-29AF-4DEB-A6E0-7B75CBF4D949}.Debug|Any CPU.Build.0 = Debug|Any CPU
		{60FFE347-29AF-4DEB-A6E0-7B75CBF4D949}.Release|Any CPU.ActiveCfg = Release|Any CPU
		{60FFE347-29AF-4DEB-A6E0-7B75CBF4D949}.Release|Any CPU.Build.0 = Release|Any CPU
	EndGlobalSection
	GlobalSection(SolutionProperties) = preSolution
		HideSolutionNode = FALSE
	EndGlobalSection
	GlobalSection(ExtensibilityGlobals) = postSolution
		SolutionGuid = {0ABD3C3D-3100-4EF1-AC8F-4CCAB8239ADF}
	EndGlobalSection
EndGlobal
